
Microsoft Visual Studio Solution File, Format Version 12.00
# Visual Studio 15
VisualStudioVersion = 15.0.28010.2041
MinimumVisualStudioVersion = 10.0.40219.1
Project("{FAE04EC0-301F-11D3-BF4B-00C04F79EFBC}") = "KamersConsoleApp", "KamersConsoleApp\KamersConsoleApp.csproj", "{9358589C-0029-451F-82F6-870939C19C7F}"
EndProject
Project("{FAE04EC0-301F-11D3-BF4B-00C04F79EFBC}") = "KamersModel", "KamersModel\KamersModel.csproj", "{321D5307-57D2-45BD-9C77-E499D1094CA4}"
EndProject
Global
	GlobalSection(SolutionConfigurationPlatforms) = preSolution
		Debug|Any CPU = Debug|Any CPU
		Release|Any CPU = Release|Any CPU
	EndGlobalSection
	GlobalSection(ProjectConfigurationPlatforms) = postSolution
		{9358589C-0029-451F-82F6-870939C19C7F}.Debug|Any CPU.ActiveCfg = Debug|Any CPU
		{9358589C-0029-451F-82F6-870939C19C7F}.Debug|Any CPU.Build.0 = Debug|Any CPU
		{9358589C-0029-451F-82F6-870939C19C7F}.Release|Any CPU.ActiveCfg = Release|Any CPU
		{9358589C-0029-451F-82F6-870939C19C7F}.Release|Any CPU.Build.0 = Release|Any CPU
		{321D5307-57D2-45BD-9C77-E499D1094CA4}.Debug|Any CPU.ActiveCfg = Debug|Any CPU
		{321D5307-57D2-45BD-9C77-E499D1094CA4}.Debug|Any CPU.Build.0 = Debug|Any CPU
		{321D5307-57D2-45BD-9C77-E499D1094CA4}.Release|Any CPU.ActiveCfg = Release|Any CPU
		{321D5307-57D2-45BD-9C77-E499D1094CA4}.Release|Any CPU.Build.0 = Release|Any CPU
	EndGlobalSection
	GlobalSection(SolutionProperties) = preSolution
		HideSolutionNode = FALSE
	EndGlobalSection
	GlobalSection(ExtensibilityGlobals) = postSolution
		SolutionGuid = {A60D8EBF-B01E-4716-B3C2-0E244708C260}
	EndGlobalSection
EndGlobal
